
Microsoft Visual Studio Solution File, Format Version 12.00
# Visual Studio Version 17
VisualStudioVersion = 17.9.34616.47
MinimumVisualStudioVersion = 10.0.40219.1
Project("{FAE04EC0-301F-11D3-BF4B-00C04F79EFBC}") = "WebApplication1", "WebApplication1.csproj", "{4C2A97EA-5C6C-4889-B337-96A1DC4CA1AA}"
EndProject
Global
	GlobalSection(SolutionConfigurationPlatforms) = preSolution
		Debug|Any CPU = Debug|Any CPU
		Release|Any CPU = Release|Any CPU
	EndGlobalSection
	GlobalSection(ProjectConfigurationPlatforms) = postSolution
		{4C2A97EA-5C6C-4889-B337-96A1DC4CA1AA}.Debug|Any CPU.ActiveCfg = Debug|Any CPU
		{4C2A97EA-5C6C-4889-B337-96A1DC4CA1AA}.Debug|Any CPU.Build.0 = Debug|Any CPU
		{4C2A97EA-5C6C-4889-B337-96A1DC4CA1AA}.Release|Any CPU.ActiveCfg = Release|Any CPU
		{4C2A97EA-5C6C-4889-B337-96A1DC4CA1AA}.Release|Any CPU.Build.0 = Release|Any CPU
	EndGlobalSection
	GlobalSection(SolutionProperties) = preSolution
		HideSolutionNode = FALSE
	EndGlobalSection
	GlobalSection(ExtensibilityGlobals) = postSolution
		SolutionGuid = {0D1634F3-5674-442E-9723-104340AB4FD3}
	EndGlobalSection
EndGlobal
